{
  "version": 4,
  "terraform_version": "1.7.5",
  "serial": 19,
  "lineage": "7334aa42-0b21-6523-52d7-42d5afb925b9",
  "outputs": {},
  "resources": [
    {
      "module": "module.app.module.beanstalk",
      "mode": "data",
      "type": "aws_elastic_beanstalk_hosted_zone",
      "name": "current",
      "provider": "provider[\"registry.terraform.io/hashicorp/aws\"]",
      "instances": [
        {
          "schema_version": 0,
          "attributes": {
            "id": "Z16FZ9L249IFLT",
            "region": "ap-southeast-1"
          },
          "sensitive_attributes": []
        }
      ]
    },
    {
      "module": "module.app.module.beanstalk",
      "mode": "managed",
      "type": "aws_elastic_beanstalk_application",
      "name": "app_beanstalk",
      "provider": "provider[\"registry.terraform.io/hashicorp/aws\"]",
      "instances": [
        {
          "schema_version": 0,
          "attributes": {
            "appversion_lifecycle": [],
            "arn": "arn:aws:elasticbeanstalk:ap-southeast-1:533266998617:application/ideas-api-staging",
            "description": "",
            "id": "ideas-api-staging",
            "name": "ideas-api-staging",
            "tags": {},
            "tags_all": {}
          },
          "sensitive_attributes": [],
          "private": "bnVsbA=="
        }
      ]
    },
    {
      "module": "module.app.module.beanstalk",
      "mode": "managed",
      "type": "aws_key_pair",
      "name": "key_pair",
      "provider": "provider[\"registry.terraform.io/hashicorp/aws\"]",
      "instances": [
        {
          "schema_version": 1,
          "attributes": {
            "arn": "arn:aws:ec2:ap-southeast-1:533266998617:key-pair/ideas-api-staging-bean-key",
            "fingerprint": "44:c1:2a:45:73:e7:f4:21:ea:45:f0:4d:33:10:12:ef",
            "id": "ideas-api-staging-bean-key",
            "key_name": "ideas-api-staging-bean-key",
            "key_name_prefix": "",
            "key_pair_id": "key-04fe3eb21e1fa9bb6",
            "key_type": "rsa",
            "public_key": "ssh-rsa AAAAB3NzaC1yc2EAAAADAQABAAABgQC28DCAOCaFMJ6UGVGpu2kLLTUo9gwP5UFV+5UlxGSxdywJMlu7Rf+rbUe0OYSrZixZ2+F1hFDmqBPxUyf3CbPkfaXH2DxBtQHmT+v0YEymaWzjSQT7Aud+5xnCS6WYoyz9E4WlJgooPM18VGmpB/0lk+rXk9NN7PYIID01b0huLg559HDZT8az2vZ1Afdbd/2Jfd2F6OXgpeydkDOz98SWjhFuVNhbT78z4Qi2azLl1sSfuM/0eM6YbahmD87uKY7fdrNpViWAXboWFbGehBtGtflUd9qrNpcOZSZjfMf0CmuOI7dlJR05fhwY6grKxOqCdKK9Xz25MPyuLVfOUglIuyLrSzglp9Yu+eVhmmMghulLyYRH0RQPpEY4CBL60fMm6g4QprhjZIvSlYo5Kvv2+QmaleOcbLkVHEo+REQkw2kVJa3gVzG/vSxug9IbX1/Db+CDLogh0pL+fTGdu3ewnq0eZY88YLHeD3xIAupLxdAJaUWxhpVQOcRveewDcdM= idea-eb-prod",
            "tags": {},
            "tags_all": {}
          },
          "sensitive_attributes": [],
          "private": "eyJzY2hlbWFfdmVyc2lvbiI6IjEifQ=="
        }
      ]
    },
    {
      "module": "module.app.module.ecr",
      "mode": "managed",
      "type": "aws_ecr_repository",
      "name": "app_ecr",
      "provider": "provider[\"registry.terraform.io/hashicorp/aws\"]",
      "instances": [
        {
          "schema_version": 0,
          "attributes": {
            "arn": "arn:aws:ecr:ap-southeast-1:533266998617:repository/ideas-api-staging",
            "encryption_configuration": [
              {
                "encryption_type": "AES256",
                "kms_key": ""
              }
            ],
            "force_delete": true,
            "id": "ideas-api-staging",
            "image_scanning_configuration": [
              {
                "scan_on_push": false
              }
            ],
            "image_tag_mutability": "IMMUTABLE",
            "name": "ideas-api-staging",
            "registry_id": "533266998617",
            "repository_url": "533266998617.dkr.ecr.ap-southeast-1.amazonaws.com/ideas-api-staging",
            "tags": {},
            "tags_all": {},
            "timeouts": null
          },
          "sensitive_attributes": [],
          "private": "eyJlMmJmYjczMC1lY2FhLTExZTYtOGY4OC0zNDM2M2JjN2M0YzAiOnsiZGVsZXRlIjoxMjAwMDAwMDAwMDAwfX0="
        }
      ]
    },
    {
      "module": "module.app.module.rds",
      "mode": "managed",
      "type": "aws_db_instance",
      "name": "app_rds",
      "provider": "provider[\"registry.terraform.io/hashicorp/aws\"]",
      "instances": [
        {
          "schema_version": 2,
          "attributes": {
            "address": "ideas-api-staging-db.cvqi0w0mgdn2.ap-southeast-1.rds.amazonaws.com",
            "allocated_storage": 20,
            "allow_major_version_upgrade": null,
            "apply_immediately": false,
            "arn": "arn:aws:rds:ap-southeast-1:533266998617:db:ideas-api-staging-db",
            "auto_minor_version_upgrade": true,
            "availability_zone": "ap-southeast-1a",
            "backup_retention_period": 0,
            "backup_target": "region",
            "backup_window": "15:04-15:34",
            "blue_green_update": [],
            "ca_cert_identifier": "rds-ca-rsa2048-g1",
            "character_set_name": "",
            "copy_tags_to_snapshot": false,
            "custom_iam_instance_profile": "",
            "customer_owned_ip_enabled": false,
            "db_name": "ideas_api_staging",
            "db_subnet_group_name": "default",
            "delete_automated_backups": true,
            "deletion_protection": false,
            "domain": "",
            "domain_auth_secret_arn": "",
            "domain_dns_ips": null,
            "domain_fqdn": "",
            "domain_iam_role_name": "",
            "domain_ou": "",
            "enabled_cloudwatch_logs_exports": null,
            "endpoint": "ideas-api-staging-db.cvqi0w0mgdn2.ap-southeast-1.rds.amazonaws.com:5432",
            "engine": "postgres",
            "engine_version": "16.1",
            "engine_version_actual": "16.1",
            "final_snapshot_identifier": null,
            "hosted_zone_id": "Z2G0U3KFCY8NZ5",
            "iam_database_authentication_enabled": false,
            "id": "db-WYMSTG5N2NALMEMODWEPX7P4SI",
            "identifier": "ideas-api-staging-db",
            "identifier_prefix": "",
            "instance_class": "db.t3.micro",
            "iops": 0,
            "kms_key_id": "",
            "latest_restorable_time": "",
            "license_model": "postgresql-license",
            "listener_endpoint": [],
            "maintenance_window": "mon:17:39-mon:18:09",
            "manage_master_user_password": null,
            "master_user_secret": [],
            "master_user_secret_kms_key_id": null,
            "max_allocated_storage": 0,
            "monitoring_interval": 0,
            "monitoring_role_arn": "",
            "multi_az": false,
            "nchar_character_set_name": "",
            "network_type": "IPV4",
            "option_group_name": "default:postgres-16",
            "parameter_group_name": "default.postgres16",
            "password": "123Admin!123Admin!123Admin!",
            "performance_insights_enabled": false,
            "performance_insights_kms_key_id": "",
            "performance_insights_retention_period": 0,
            "port": 5432,
            "publicly_accessible": false,
            "replica_mode": "",
            "replicas": [],
            "replicate_source_db": "",
            "resource_id": "db-WYMSTG5N2NALMEMODWEPX7P4SI",
            "restore_to_point_in_time": [],
            "s3_import": [],
            "skip_final_snapshot": true,
            "snapshot_identifier": null,
            "status": "available",
            "storage_encrypted": false,
            "storage_throughput": 0,
            "storage_type": "gp2",
            "tags": null,
            "tags_all": {},
            "timeouts": null,
            "timezone": "",
            "username": "postgres",
            "vpc_security_group_ids": [
              "sg-0fd75fdb3ba0e4095"
            ]
          },
          "sensitive_attributes": [],
          "private": "eyJlMmJmYjczMC1lY2FhLTExZTYtOGY4OC0zNDM2M2JjN2M0YzAiOnsiY3JlYXRlIjoyNDAwMDAwMDAwMDAwLCJkZWxldGUiOjM2MDAwMDAwMDAwMDAsInVwZGF0ZSI6NDgwMDAwMDAwMDAwMH0sInNjaGVtYV92ZXJzaW9uIjoiMiJ9",
          "dependencies": [
            "module.app.module.vpc.aws_security_group.app_beanstalk_elb_sg",
            "module.app.module.vpc.aws_security_group.app_beanstalk_sg",
            "module.app.module.vpc.aws_security_group.rds_sg",
            "module.app.module.vpc.data.aws_vpc.default"
          ]
        }
      ]
    },
    {
      "module": "module.app.module.vpc",
      "mode": "data",
      "type": "aws_vpc",
      "name": "default",
      "provider": "provider[\"registry.terraform.io/hashicorp/aws\"]",
      "instances": [
        {
          "schema_version": 0,
          "attributes": {
            "arn": "arn:aws:ec2:ap-southeast-1:533266998617:vpc/vpc-05c5611f7f25039bb",
            "cidr_block": "172.31.0.0/16",
            "cidr_block_associations": [
              {
                "association_id": "vpc-cidr-assoc-0900609c17df9c5f4",
                "cidr_block": "172.31.0.0/16",
                "state": "associated"
              }
            ],
            "default": true,
            "dhcp_options_id": "dopt-0133e4b6ecb01c0cc",
            "enable_dns_hostnames": true,
            "enable_dns_support": true,
            "enable_network_address_usage_metrics": false,
            "filter": null,
            "id": "vpc-05c5611f7f25039bb",
            "instance_tenancy": "default",
            "ipv6_association_id": "",
            "ipv6_cidr_block": "",
            "main_route_table_id": "rtb-0938e510526f833a4",
            "owner_id": "533266998617",
            "state": null,
            "tags": {},
            "timeouts": null
          },
          "sensitive_attributes": []
        }
      ]
    },
    {
      "module": "module.app.module.vpc",
      "mode": "managed",
      "type": "aws_security_group",
      "name": "app_beanstalk_elb_sg",
      "provider": "provider[\"registry.terraform.io/hashicorp/aws\"]",
      "instances": [
        {
          "schema_version": 1,
          "attributes": {
            "arn": "arn:aws:ec2:ap-southeast-1:533266998617:security-group/sg-07619ee1ff4fd6a9f",
            "description": "Managed by Terraform",
            "egress": [
              {
                "cidr_blocks": [
                  "0.0.0.0/0"
                ],
                "description": "Allow all out traffic",
                "from_port": 0,
                "ipv6_cidr_blocks": [
                  "::/0"
                ],
                "prefix_list_ids": [],
                "protocol": "-1",
                "security_groups": [],
                "self": false,
                "to_port": 0
              }
            ],
            "id": "sg-07619ee1ff4fd6a9f",
            "ingress": [
              {
                "cidr_blocks": [
                  "0.0.0.0/0"
                ],
                "description": "Allow http",
                "from_port": 80,
                "ipv6_cidr_blocks": [
                  "::/0"
                ],
                "prefix_list_ids": [],
                "protocol": "tcp",
                "security_groups": [],
                "self": false,
                "to_port": 80
              },
              {
                "cidr_blocks": [
                  "0.0.0.0/0"
                ],
                "description": "Allow https",
                "from_port": 443,
                "ipv6_cidr_blocks": [
                  "::/0"
                ],
                "prefix_list_ids": [],
                "protocol": "tcp",
                "security_groups": [],
                "self": false,
                "to_port": 443
              }
            ],
            "name": "ideas-api-staging-beantalk-elb-sg",
            "name_prefix": "",
            "owner_id": "533266998617",
            "revoke_rules_on_delete": false,
            "tags": {
              "Name": "ideas-api-staging-beanstalk-elb-sg"
            },
            "tags_all": {
              "Name": "ideas-api-staging-beanstalk-elb-sg"
            },
            "timeouts": null,
            "vpc_id": "vpc-05c5611f7f25039bb"
          },
          "sensitive_attributes": [],
          "private": "eyJlMmJmYjczMC1lY2FhLTExZTYtOGY4OC0zNDM2M2JjN2M0YzAiOnsiY3JlYXRlIjo2MDAwMDAwMDAwMDAsImRlbGV0ZSI6OTAwMDAwMDAwMDAwfSwic2NoZW1hX3ZlcnNpb24iOiIxIn0=",
          "dependencies": [
            "module.app.module.vpc.data.aws_vpc.default"
          ]
        }
      ]
    },
    {
      "module": "module.app.module.vpc",
      "mode": "managed",
      "type": "aws_security_group",
      "name": "app_beanstalk_sg",
      "provider": "provider[\"registry.terraform.io/hashicorp/aws\"]",
      "instances": [
        {
          "schema_version": 1,
          "attributes": {
            "arn": "arn:aws:ec2:ap-southeast-1:533266998617:security-group/sg-05b2545a8386848c9",
            "description": "Managed by Terraform",
            "egress": [
              {
                "cidr_blocks": [
                  "0.0.0.0/0"
                ],
                "description": "Allow all out traffic",
                "from_port": 0,
                "ipv6_cidr_blocks": [
                  "::/0"
                ],
                "prefix_list_ids": [],
                "protocol": "-1",
                "security_groups": [],
                "self": false,
                "to_port": 0
              }
            ],
            "id": "sg-05b2545a8386848c9",
            "ingress": [
              {
                "cidr_blocks": [
                  "0.0.0.0/0"
                ],
                "description": "Allow ssh",
                "from_port": 22,
                "ipv6_cidr_blocks": [],
                "prefix_list_ids": [],
                "protocol": "tcp",
                "security_groups": [],
                "self": false,
                "to_port": 22
              },
              {
                "cidr_blocks": [],
                "description": "Allow access from load balancer",
                "from_port": 80,
                "ipv6_cidr_blocks": [],
                "prefix_list_ids": [],
                "protocol": "tcp",
                "security_groups": [
                  "sg-07619ee1ff4fd6a9f"
                ],
                "self": false,
                "to_port": 80
              }
            ],
            "name": "ideas-api-staging-beanstalk-sg",
            "name_prefix": "",
            "owner_id": "533266998617",
            "revoke_rules_on_delete": false,
            "tags": {
              "Name": "ideas-api-staging-beanstalk-sg"
            },
            "tags_all": {
              "Name": "ideas-api-staging-beanstalk-sg"
            },
            "timeouts": null,
            "vpc_id": "vpc-05c5611f7f25039bb"
          },
          "sensitive_attributes": [],
          "private": "eyJlMmJmYjczMC1lY2FhLTExZTYtOGY4OC0zNDM2M2JjN2M0YzAiOnsiY3JlYXRlIjo2MDAwMDAwMDAwMDAsImRlbGV0ZSI6OTAwMDAwMDAwMDAwfSwic2NoZW1hX3ZlcnNpb24iOiIxIn0=",
          "dependencies": [
            "module.app.module.vpc.aws_security_group.app_beanstalk_elb_sg",
            "module.app.module.vpc.data.aws_vpc.default"
          ]
        }
      ]
    },
    {
      "module": "module.app.module.vpc",
      "mode": "managed",
      "type": "aws_security_group",
      "name": "rds_sg",
      "provider": "provider[\"registry.terraform.io/hashicorp/aws\"]",
      "instances": [
        {
          "schema_version": 1,
          "attributes": {
            "arn": "arn:aws:ec2:ap-southeast-1:533266998617:security-group/sg-0fd75fdb3ba0e4095",
            "description": "Managed by Terraform",
            "egress": [
              {
                "cidr_blocks": [
                  "0.0.0.0/0"
                ],
                "description": "",
                "from_port": 0,
                "ipv6_cidr_blocks": [],
                "prefix_list_ids": [],
                "protocol": "-1",
                "security_groups": [],
                "self": false,
                "to_port": 0
              }
            ],
            "id": "sg-0fd75fdb3ba0e4095",
            "ingress": [
              {
                "cidr_blocks": [],
                "description": "",
                "from_port": 3306,
                "ipv6_cidr_blocks": [],
                "prefix_list_ids": [],
                "protocol": "tcp",
                "security_groups": [
                  "sg-05b2545a8386848c9"
                ],
                "self": false,
                "to_port": 3306
              }
            ],
            "name": "ideas-api-staging-rds-sg",
            "name_prefix": "",
            "owner_id": "533266998617",
            "revoke_rules_on_delete": false,
            "tags": {
              "Name": "ideas-api-staging-rds-sg"
            },
            "tags_all": {
              "Name": "ideas-api-staging-rds-sg"
            },
            "timeouts": null,
            "vpc_id": "vpc-05c5611f7f25039bb"
          },
          "sensitive_attributes": [],
          "private": "eyJlMmJmYjczMC1lY2FhLTExZTYtOGY4OC0zNDM2M2JjN2M0YzAiOnsiY3JlYXRlIjo2MDAwMDAwMDAwMDAsImRlbGV0ZSI6OTAwMDAwMDAwMDAwfSwic2NoZW1hX3ZlcnNpb24iOiIxIn0=",
          "dependencies": [
            "module.app.module.vpc.aws_security_group.app_beanstalk_elb_sg",
            "module.app.module.vpc.aws_security_group.app_beanstalk_sg",
            "module.app.module.vpc.data.aws_vpc.default"
          ]
        }
      ]
    }
  ],
  "check_results": null
}
